Microsoft Visual Studio Solution File, Format Version 11.00
# Visual Studio 2008

Project("{A30E194A-6E31-1FBA-0766-398F33DC1FBA}") = "GreatWave 2d", "Assembly-CSharp.csproj", "{B5BB673E-76B2-2212-970B-F83448D36C23}"
EndProject
Global
	GlobalSection(SolutionConfigurationPlatforms) = preSolution
		Debug|Any CPU = Debug|Any CPU
		Release|Any CPU = Release|Any CPU
	EndGlobalSection
	GlobalSection(ProjectConfigurationPlatforms) = postSolution
		{B5BB673E-76B2-2212-970B-F83448D36C23}.Debug|Any CPU.ActiveCfg = Debug|Any CPU
		{B5BB673E-76B2-2212-970B-F83448D36C23}.Debug|Any CPU.Build.0 = Debug|Any CPU
		{B5BB673E-76B2-2212-970B-F83448D36C23}.Release|Any CPU.ActiveCfg = Release|Any CPU
		{B5BB673E-76B2-2212-970B-F83448D36C23}.Release|Any CPU.Build.0 = Release|Any CPU
	EndGlobalSection
	GlobalSection(SolutionProperties) = preSolution
		HideSolutionNode = FALSE
	EndGlobalSection
	GlobalSection(MonoDevelopProperties) = preSolution
		StartupItem = Assembly-CSharp.csproj
	EndGlobalSection
EndGlobal
